
Microsoft Visual Studio Solution File, Format Version 12.00
# Visual Studio Version 16
VisualStudioVersion = 25.0.1706.6
MinimumVisualStudioVersion = 10.0.40219.1
Project("{FAE04EC0-301F-11D3-BF4B-00C04F79EFBC}") = "sayfa80odev", "sayfa80odev\sayfa80odev.csproj", "{40A09430-DAE9-446A-B711-76DF262552AF}"
EndProject
Global
	GlobalSection(SolutionConfigurationPlatforms) = preSolution
		Debug|Any CPU = Debug|Any CPU
		Release|Any CPU = Release|Any CPU
	EndGlobalSection
	GlobalSection(ProjectConfigurationPlatforms) = postSolution
		{40A09430-DAE9-446A-B711-76DF262552AF}.Debug|Any CPU.ActiveCfg = Debug|Any CPU
		{40A09430-DAE9-446A-B711-76DF262552AF}.Debug|Any CPU.Build.0 = Debug|Any CPU
		{40A09430-DAE9-446A-B711-76DF262552AF}.Release|Any CPU.ActiveCfg = Release|Any CPU
		{40A09430-DAE9-446A-B711-76DF262552AF}.Release|Any CPU.Build.0 = Release|Any CPU
	EndGlobalSection
	GlobalSection(SolutionProperties) = preSolution
		HideSolutionNode = FALSE
	EndGlobalSection
	GlobalSection(ExtensibilityGlobals) = postSolution
		SolutionGuid = {AB9BB9AA-3924-48BA-B796-9B9F2C58E96A}
	EndGlobalSection
EndGlobal
